Microsoft Visual Studio Solution File, Format Version 12.00
# Visual Studio Version 17
VisualStudioVersion = 17.5.2.0
MinimumVisualStudioVersion = 10.0.40219.1
Project("{FAE04EC0-301F-11D3-BF4B-00C04F79EFBC}") = "Enumeracoes", "Enumeracoes.csproj", "{2D5DEB02-7C7D-02C4-9B67-B3623ECB75BF}"
EndProject
Global
	GlobalSection(SolutionConfigurationPlatforms) = preSolution
		Debug|Any CPU = Debug|Any CPU
		Release|Any CPU = Release|Any CPU
	EndGlobalSection
	GlobalSection(ProjectConfigurationPlatforms) = postSolution
		{2D5DEB02-7C7D-02C4-9B67-B3623ECB75BF}.Debug|Any CPU.ActiveCfg = Debug|Any CPU
		{2D5DEB02-7C7D-02C4-9B67-B3623ECB75BF}.Debug|Any CPU.Build.0 = Debug|Any CPU
		{2D5DEB02-7C7D-02C4-9B67-B3623ECB75BF}.Release|Any CPU.ActiveCfg = Release|Any CPU
		{2D5DEB02-7C7D-02C4-9B67-B3623ECB75BF}.Release|Any CPU.Build.0 = Release|Any CPU
	EndGlobalSection
	GlobalSection(SolutionProperties) = preSolution
		HideSolutionNode = FALSE
	EndGlobalSection
	GlobalSection(ExtensibilityGlobals) = postSolution
		SolutionGuid = {8A25C095-0BB8-459F-A74D-1C32C0EBEEF9}
	EndGlobalSection
EndGlobal
