Microsoft Visual Studio Solution File, Format Version 12.00
# Visual Studio Version 17
VisualStudioVersion = 17.5.2.0
MinimumVisualStudioVersion = 10.0.40219.1
Project("{FAE04EC0-301F-11D3-BF4B-00C04F79EFBC}") = "CoursePt2", "CoursePt2.csproj", "{7B28FBF0-8FCD-85F2-7ABB-A7940A654517}"
EndProject
Global
	GlobalSection(SolutionConfigurationPlatforms) = preSolution
		Debug|Any CPU = Debug|Any CPU
		Release|Any CPU = Release|Any CPU
	EndGlobalSection
	GlobalSection(ProjectConfigurationPlatforms) = postSolution
		{7B28FBF0-8FCD-85F2-7ABB-A7940A654517}.Debug|Any CPU.ActiveCfg = Debug|Any CPU
		{7B28FBF0-8FCD-85F2-7ABB-A7940A654517}.Debug|Any CPU.Build.0 = Debug|Any CPU
		{7B28FBF0-8FCD-85F2-7ABB-A7940A654517}.Release|Any CPU.ActiveCfg = Release|Any CPU
		{7B28FBF0-8FCD-85F2-7ABB-A7940A654517}.Release|Any CPU.Build.0 = Release|Any CPU
	EndGlobalSection
	GlobalSection(SolutionProperties) = preSolution
		HideSolutionNode = FALSE
	EndGlobalSection
	GlobalSection(ExtensibilityGlobals) = postSolution
		SolutionGuid = {518C6D4B-0B97-4F12-934A-7AE325701009}
	EndGlobalSection
EndGlobal
