Microsoft Visual Studio Solution File, Format Version 12.00
# Visual Studio Version 17
VisualStudioVersion = 17.5.2.0
MinimumVisualStudioVersion = 10.0.40219.1
Project("{FAE04EC0-301F-11D3-BF4B-00C04F79EFBC}") = "SB", "SB.csproj", "{497BF207-65D9-970A-5B46-DA861F97CA2B}"
EndProject
Global
	GlobalSection(SolutionConfigurationPlatforms) = preSolution
		Debug|Any CPU = Debug|Any CPU
		Release|Any CPU = Release|Any CPU
	EndGlobalSection
	GlobalSection(ProjectConfigurationPlatforms) = postSolution
		{497BF207-65D9-970A-5B46-DA861F97CA2B}.Debug|Any CPU.ActiveCfg = Debug|Any CPU
		{497BF207-65D9-970A-5B46-DA861F97CA2B}.Debug|Any CPU.Build.0 = Debug|Any CPU
		{497BF207-65D9-970A-5B46-DA861F97CA2B}.Release|Any CPU.ActiveCfg = Release|Any CPU
		{497BF207-65D9-970A-5B46-DA861F97CA2B}.Release|Any CPU.Build.0 = Release|Any CPU
	EndGlobalSection
	GlobalSection(SolutionProperties) = preSolution
		HideSolutionNode = FALSE
	EndGlobalSection
	GlobalSection(ExtensibilityGlobals) = postSolution
		SolutionGuid = {0FB8FF19-627C-47B5-8714-014B58E1006D}
	EndGlobalSection
EndGlobal
