
Microsoft Visual Studio Solution File, Format Version 12.00
Project("{FAE04EC0-301F-11D3-BF4B-00C04F79EFBC}") = "OO", "OO\OO.csproj", "{8F0B3BCF-2660-4F4C-91D1-04EF9F4CBC31}"
EndProject
Global
	GlobalSection(SolutionConfigurationPlatforms) = preSolution
		Debug|Any CPU = Debug|Any CPU
		Release|Any CPU = Release|Any CPU
	EndGlobalSection
	GlobalSection(ProjectConfigurationPlatforms) = postSolution
		{8F0B3BCF-2660-4F4C-91D1-04EF9F4CBC31}.Debug|Any CPU.ActiveCfg = Debug|Any CPU
		{8F0B3BCF-2660-4F4C-91D1-04EF9F4CBC31}.Debug|Any CPU.Build.0 = Debug|Any CPU
		{8F0B3BCF-2660-4F4C-91D1-04EF9F4CBC31}.Release|Any CPU.ActiveCfg = Release|Any CPU
		{8F0B3BCF-2660-4F4C-91D1-04EF9F4CBC31}.Release|Any CPU.Build.0 = Release|Any CPU
	EndGlobalSection
EndGlobal
