Microsoft Visual Studio Solution File, Format Version 12.00
# Visual Studio Version 17
VisualStudioVersion = 17.5.2.0
MinimumVisualStudioVersion = 10.0.40219.1
Project("{FAE04EC0-301F-11D3-BF4B-00C04F79EFBC}") = "CoursePt1", "CoursePt1.csproj", "{D0701E25-1F10-1C5B-55A1-A0EEA47EBBAA}"
EndProject
Global
	GlobalSection(SolutionConfigurationPlatforms) = preSolution
		Debug|Any CPU = Debug|Any CPU
		Release|Any CPU = Release|Any CPU
	EndGlobalSection
	GlobalSection(ProjectConfigurationPlatforms) = postSolution
		{D0701E25-1F10-1C5B-55A1-A0EEA47EBBAA}.Debug|Any CPU.ActiveCfg = Debug|Any CPU
		{D0701E25-1F10-1C5B-55A1-A0EEA47EBBAA}.Debug|Any CPU.Build.0 = Debug|Any CPU
		{D0701E25-1F10-1C5B-55A1-A0EEA47EBBAA}.Release|Any CPU.ActiveCfg = Release|Any CPU
		{D0701E25-1F10-1C5B-55A1-A0EEA47EBBAA}.Release|Any CPU.Build.0 = Release|Any CPU
	EndGlobalSection
	GlobalSection(SolutionProperties) = preSolution
		HideSolutionNode = FALSE
	EndGlobalSection
	GlobalSection(ExtensibilityGlobals) = postSolution
		SolutionGuid = {E1A4A5DB-89DF-4971-9E96-853E6E9AF0B7}
	EndGlobalSection
EndGlobal
