Microsoft Visual Studio Solution File, Format Version 12.00
# Visual Studio Version 17
VisualStudioVersion = 17.5.2.0
MinimumVisualStudioVersion = 10.0.40219.1
Project("{FAE04EC0-301F-11D3-BF4B-00C04F79EFBC}") = "MatrizesE", "MatrizesE.csproj", "{030A2B78-0C6A-A983-83E5-D570F831AE04}"
EndProject
Global
	GlobalSection(SolutionConfigurationPlatforms) = preSolution
		Debug|Any CPU = Debug|Any CPU
		Release|Any CPU = Release|Any CPU
	EndGlobalSection
	GlobalSection(ProjectConfigurationPlatforms) = postSolution
		{030A2B78-0C6A-A983-83E5-D570F831AE04}.Debug|Any CPU.ActiveCfg = Debug|Any CPU
		{030A2B78-0C6A-A983-83E5-D570F831AE04}.Debug|Any CPU.Build.0 = Debug|Any CPU
		{030A2B78-0C6A-A983-83E5-D570F831AE04}.Release|Any CPU.ActiveCfg = Release|Any CPU
		{030A2B78-0C6A-A983-83E5-D570F831AE04}.Release|Any CPU.Build.0 = Release|Any CPU
	EndGlobalSection
	GlobalSection(SolutionProperties) = preSolution
		HideSolutionNode = FALSE
	EndGlobalSection
	GlobalSection(ExtensibilityGlobals) = postSolution
		SolutionGuid = {A439584C-B36D-4419-8CDF-2473EC051EA5}
	EndGlobalSection
EndGlobal
